
Microsoft Visual Studio Solution File, Format Version 12.00
# Visual Studio Version 17
VisualStudioVersion = 17.6.33801.468
MinimumVisualStudioVersion = 10.0.40219.1
Project("{FAE04EC0-301F-11D3-BF4B-00C04F79EFBC}") = "GITHUBPROJEEXAMPLE", "GITHUBPROJEEXAMPLE.csproj", "{B1A0E19E-DD21-4FAB-A821-D2DAA7F7F87B}"
EndProject
Project("{2150E333-8FDC-42A3-9474-1A3956D46DE8}") = "Çözüm Öğeleri", "Çözüm Öğeleri", "{6C55061C-A535-49F1-AFCB-169311B72BD2}"
	ProjectSection(SolutionItems) = preProject
		index.html = index.html
	EndProjectSection
EndProject
Global
	GlobalSection(SolutionConfigurationPlatforms) = preSolution
		Debug|Any CPU = Debug|Any CPU
		Release|Any CPU = Release|Any CPU
	EndGlobalSection
	GlobalSection(ProjectConfigurationPlatforms) = postSolution
		{B1A0E19E-DD21-4FAB-A821-D2DAA7F7F87B}.Debug|Any CPU.ActiveCfg = Debug|Any CPU
		{B1A0E19E-DD21-4FAB-A821-D2DAA7F7F87B}.Debug|Any CPU.Build.0 = Debug|Any CPU
		{B1A0E19E-DD21-4FAB-A821-D2DAA7F7F87B}.Release|Any CPU.ActiveCfg = Release|Any CPU
		{B1A0E19E-DD21-4FAB-A821-D2DAA7F7F87B}.Release|Any CPU.Build.0 = Release|Any CPU
	EndGlobalSection
	GlobalSection(SolutionProperties) = preSolution
		HideSolutionNode = FALSE
	EndGlobalSection
	GlobalSection(ExtensibilityGlobals) = postSolution
		SolutionGuid = {BD68D428-9D85-48B2-A9E3-A21B6645907A}
	EndGlobalSection
EndGlobal
